
Microsoft Visual Studio Solution File, Format Version 12.00
# Visual Studio Version 17
VisualStudioVersion = 17.9.34728.123
MinimumVisualStudioVersion = 10.0.40219.1
Project("{9A19103F-16F7-4668-BE54-9A1E7A4F7556}") = "HairdresserManagementSystem.Entity", "HairdresserManagementSystem.Entity\HairdresserManagementSystem.Entity.csproj", "{5570C309-E899-4142-9294-68C9B5146CCC}"
EndProject
Project("{9A19103F-16F7-4668-BE54-9A1E7A4F7556}") = "HairdresserManagementSystem.DataAccess", "HairdresserManagementSystem.DataAccess\HairdresserManagementSystem.DataAccess.csproj", "{098FEA93-863D-47D5-94B8-5AB0D5445799}"
EndProject
Project("{FAE04EC0-301F-11D3-BF4B-00C04F79EFBC}") = "HairdresserManagementSystem.UserInterface", "HairdresserManagementSystem.UserInterface\HairdresserManagementSystem.UserInterface.csproj", "{C2AFBE22-6F01-473C-A72B-8B0DBBAC2DA9}"
EndProject
Global
	GlobalSection(SolutionConfigurationPlatforms) = preSolution
		Debug|Any CPU = Debug|Any CPU
		Release|Any CPU = Release|Any CPU
	EndGlobalSection
	GlobalSection(ProjectConfigurationPlatforms) = postSolution
		{5570C309-E899-4142-9294-68C9B5146CCC}.Debug|Any CPU.ActiveCfg = Debug|Any CPU
		{5570C309-E899-4142-9294-68C9B5146CCC}.Debug|Any CPU.Build.0 = Debug|Any CPU
		{5570C309-E899-4142-9294-68C9B5146CCC}.Release|Any CPU.ActiveCfg = Release|Any CPU
		{5570C309-E899-4142-9294-68C9B5146CCC}.Release|Any CPU.Build.0 = Release|Any CPU
		{098FEA93-863D-47D5-94B8-5AB0D5445799}.Debug|Any CPU.ActiveCfg = Debug|Any CPU
		{098FEA93-863D-47D5-94B8-5AB0D5445799}.Debug|Any CPU.Build.0 = Debug|Any CPU
		{098FEA93-863D-47D5-94B8-5AB0D5445799}.Release|Any CPU.ActiveCfg = Release|Any CPU
		{098FEA93-863D-47D5-94B8-5AB0D5445799}.Release|Any CPU.Build.0 = Release|Any CPU
		{C2AFBE22-6F01-473C-A72B-8B0DBBAC2DA9}.Debug|Any CPU.ActiveCfg = Debug|Any CPU
		{C2AFBE22-6F01-473C-A72B-8B0DBBAC2DA9}.Debug|Any CPU.Build.0 = Debug|Any CPU
		{C2AFBE22-6F01-473C-A72B-8B0DBBAC2DA9}.Release|Any CPU.ActiveCfg = Release|Any CPU
		{C2AFBE22-6F01-473C-A72B-8B0DBBAC2DA9}.Release|Any CPU.Build.0 = Release|Any CPU
	EndGlobalSection
	GlobalSection(SolutionProperties) = preSolution
		HideSolutionNode = FALSE
	EndGlobalSection
	GlobalSection(ExtensibilityGlobals) = postSolution
		SolutionGuid = {C836A1D3-6412-4E81-A179-E3215C24E397}
	EndGlobalSection
EndGlobal
